
Microsoft Visual Studio Solution File, Format Version 12.00
# Visual Studio Version 17
VisualStudioVersion = 17.2.32526.322
MinimumVisualStudioVersion = 10.0.40219.1
Project("{FAE04EC0-301F-11D3-BF4B-00C04F79EFBC}") = "GameServer", "GameServer\GameServer.csproj", "{562449D3-57D7-46FD-A0D9-A68DDAEFD9A2}"
EndProject
Global
	GlobalSection(SolutionConfigurationPlatforms) = preSolution
		Debug|Any CPU = Debug|Any CPU
		Release|Any CPU = Release|Any CPU
	EndGlobalSection
	GlobalSection(ProjectConfigurationPlatforms) = postSolution
		{562449D3-57D7-46FD-A0D9-A68DDAEFD9A2}.Debug|Any CPU.ActiveCfg = Debug|Any CPU
		{562449D3-57D7-46FD-A0D9-A68DDAEFD9A2}.Debug|Any CPU.Build.0 = Debug|Any CPU
		{562449D3-57D7-46FD-A0D9-A68DDAEFD9A2}.Release|Any CPU.ActiveCfg = Release|Any CPU
		{562449D3-57D7-46FD-A0D9-A68DDAEFD9A2}.Release|Any CPU.Build.0 = Release|Any CPU
	EndGlobalSection
	GlobalSection(SolutionProperties) = preSolution
		HideSolutionNode = FALSE
	EndGlobalSection
	GlobalSection(ExtensibilityGlobals) = postSolution
		SolutionGuid = {71E37843-256C-47A3-B623-4980D872D50E}
	EndGlobalSection
EndGlobal
